
Microsoft Visual Studio Solution File, Format Version 12.00
# Visual Studio Version 16
VisualStudioVersion = 16.0.33214.272
MinimumVisualStudioVersion = 10.0.40219.1
Project("{FAE04EC0-301F-11D3-BF4B-00C04F79EFBC}") = "actividad2_pr2_c", "actividad2_pr2_c\actividad2_pr2_c.csproj", "{21545DD4-9FCF-44C0-B133-E08205A93476}"
EndProject
Global
	GlobalSection(SolutionConfigurationPlatforms) = preSolution
		Debug|Any CPU = Debug|Any CPU
		Release|Any CPU = Release|Any CPU
	EndGlobalSection
	GlobalSection(ProjectConfigurationPlatforms) = postSolution
		{21545DD4-9FCF-44C0-B133-E08205A93476}.Debug|Any CPU.ActiveCfg = Debug|Any CPU
		{21545DD4-9FCF-44C0-B133-E08205A93476}.Debug|Any CPU.Build.0 = Debug|Any CPU
		{21545DD4-9FCF-44C0-B133-E08205A93476}.Release|Any CPU.ActiveCfg = Release|Any CPU
		{21545DD4-9FCF-44C0-B133-E08205A93476}.Release|Any CPU.Build.0 = Release|Any CPU
	EndGlobalSection
	GlobalSection(SolutionProperties) = preSolution
		HideSolutionNode = FALSE
	EndGlobalSection
	GlobalSection(ExtensibilityGlobals) = postSolution
		SolutionGuid = {0AB9717C-F7BC-4017-85A3-4F8B6985C7A8}
	EndGlobalSection
EndGlobal
